Microsoft Visual Studio Solution File, Format Version 12.00
# Visual Studio 14
Project("{8BC9CEB8-8B4A-11D0-8D11-00A0C91BC942}") = "ALL_BUILD", "ALL_BUILD.vcxproj", "{D38C1B1E-02EF-3354-A9CF-6E118F71EC74}"
	ProjectSection(ProjectDependencies) = postProject
		{C6ADD839-E03B-384B-A4DA-5275B0EBCF02} = {C6ADD839-E03B-384B-A4DA-5275B0EBCF02}
		{9A343E56-1B92-3D99-A8D0-EA16E9AA5B69} = {9A343E56-1B92-3D99-A8D0-EA16E9AA5B69}
		{290A966D-1F43-31BC-ABE4-979C9148A5B1} = {290A966D-1F43-31BC-ABE4-979C9148A5B1}
		{E7AF43EB-972C-3B93-B9D0-FB1F275D545C} = {E7AF43EB-972C-3B93-B9D0-FB1F275D545C}
		{3914A5E5-1181-3F04-982B-B6CC620AA2A6} = {3914A5E5-1181-3F04-982B-B6CC620AA2A6}
		{3BB22F81-CDF4-341D-BD32-4A2AD161DAC5} = {3BB22F81-CDF4-341D-BD32-4A2AD161DAC5}
		{EAA0EBE9-89EB-3EFF-A0CA-87E4320FF01C} = {EAA0EBE9-89EB-3EFF-A0CA-87E4320FF01C}
		{9539EBF6-CF69-305D-8F2A-E15789002A15} = {9539EBF6-CF69-305D-8F2A-E15789002A15}
		{F49300B9-3336-36DD-B162-E35A69C31C20} = {F49300B9-3336-36DD-B162-E35A69C31C20}
		{87A1C6A4-C2C4-3A60-874B-C66DD8A357FC} = {87A1C6A4-C2C4-3A60-874B-C66DD8A357FC}
		{82CE16DE-3971-311F-BAAF-FE59C75F92A1} = {82CE16DE-3971-311F-BAAF-FE59C75F92A1}
		{21A96773-E0FB-3421-A3D7-5A5C35B3296E} = {21A96773-E0FB-3421-A3D7-5A5C35B3296E}
		{D2C4333F-68F9-3213-9740-9D5B86A2E96E} = {D2C4333F-68F9-3213-9740-9D5B86A2E96E}
		{32505BD4-6C3B-3AD5-AB4C-240E026E4BFF} = {32505BD4-6C3B-3AD5-AB4C-240E026E4BFF}
		{8944FA39-44F2-35CC-A9E6-38189283FDE9} = {8944FA39-44F2-35CC-A9E6-38189283FDE9}
		{4959B4C4-8D64-3E01-B8ED-A1C694E523D4} = {4959B4C4-8D64-3E01-B8ED-A1C694E523D4}
		{C377EA48-B63C-36BD-9C89-00B24C5B03E4} = {C377EA48-B63C-36BD-9C89-00B24C5B03E4}
		{784BCEE4-20B6-39CE-9CFD-AC09CE0EA651} = {784BCEE4-20B6-39CE-9CFD-AC09CE0EA651}
		{85ED7B8E-EFC4-32B9-861A-E68C2745E240} = {85ED7B8E-EFC4-32B9-861A-E68C2745E240}
		{8824E882-E77A-3E10-ACF3-AE073617B4A0} = {8824E882-E77A-3E10-ACF3-AE073617B4A0}
		{E20BBE1B-EC53-39A0-850F-66B3CC87AF8E} = {E20BBE1B-EC53-39A0-850F-66B3CC87AF8E}
		{FCD0F552-A57C-3170-ADBC-EB15E8BFD097} = {FCD0F552-A57C-3170-ADBC-EB15E8BFD097}
		{6E8DD3C5-20B7-33F5-8208-A91C05BC4965} = {6E8DD3C5-20B7-33F5-8208-A91C05BC4965}
		{800B02B3-A499-3429-976B-7A0F4DCA092C} = {800B02B3-A499-3429-976B-7A0F4DCA092C}
		{94BDE876-9E12-39DC-B1D1-B42168D693DB} = {94BDE876-9E12-39DC-B1D1-B42168D693DB}
	EndProjectSection
EndProject
Project("{8BC9CEB8-8B4A-11D0-8D11-00A0C91BC942}") = "CallbackMaker", "CallbackMaker.vcxproj", "{C6ADD839-E03B-384B-A4DA-5275B0EBCF02}"
	ProjectSection(ProjectDependencies) = postProject
		{D2C4333F-68F9-3213-9740-9D5B86A2E96E} = {D2C4333F-68F9-3213-9740-9D5B86A2E96E}
		{32505BD4-6C3B-3AD5-AB4C-240E026E4BFF} = {32505BD4-6C3B-3AD5-AB4C-240E026E4BFF}
	EndProjectSection
EndProject
Project("{8BC9CEB8-8B4A-11D0-8D11-00A0C91BC942}") = "CallbackMaker_static", "CallbackMaker_static.vcxproj", "{9A343E56-1B92-3D99-A8D0-EA16E9AA5B69}"
	ProjectSection(ProjectDependencies) = postProject
		{D2C4333F-68F9-3213-9740-9D5B86A2E96E} = {D2C4333F-68F9-3213-9740-9D5B86A2E96E}
		{8944FA39-44F2-35CC-A9E6-38189283FDE9} = {8944FA39-44F2-35CC-A9E6-38189283FDE9}
	EndProjectSection
EndProject
Project("{8BC9CEB8-8B4A-11D0-8D11-00A0C91BC942}") = "Fractals", "Fractals.vcxproj", "{290A966D-1F43-31BC-ABE4-979C9148A5B1}"
	ProjectSection(ProjectDependencies) = postProject
		{D2C4333F-68F9-3213-9740-9D5B86A2E96E} = {D2C4333F-68F9-3213-9740-9D5B86A2E96E}
		{32505BD4-6C3B-3AD5-AB4C-240E026E4BFF} = {32505BD4-6C3B-3AD5-AB4C-240E026E4BFF}
	EndProjectSection
EndProject
Project("{8BC9CEB8-8B4A-11D0-8D11-00A0C91BC942}") = "Fractals_random", "Fractals_random.vcxproj", "{E7AF43EB-972C-3B93-B9D0-FB1F275D545C}"
	ProjectSection(ProjectDependencies) = postProject
		{D2C4333F-68F9-3213-9740-9D5B86A2E96E} = {D2C4333F-68F9-3213-9740-9D5B86A2E96E}
		{32505BD4-6C3B-3AD5-AB4C-240E026E4BFF} = {32505BD4-6C3B-3AD5-AB4C-240E026E4BFF}
	EndProjectSection
EndProject
Project("{8BC9CEB8-8B4A-11D0-8D11-00A0C91BC942}") = "Fractals_random_static", "Fractals_random_static.vcxproj", "{3914A5E5-1181-3F04-982B-B6CC620AA2A6}"
	ProjectSection(ProjectDependencies) = postProject
		{D2C4333F-68F9-3213-9740-9D5B86A2E96E} = {D2C4333F-68F9-3213-9740-9D5B86A2E96E}
		{8944FA39-44F2-35CC-A9E6-38189283FDE9} = {8944FA39-44F2-35CC-A9E6-38189283FDE9}
	EndProjectSection
EndProject
Project("{8BC9CEB8-8B4A-11D0-8D11-00A0C91BC942}") = "Fractals_static", "Fractals_static.vcxproj", "{3BB22F81-CDF4-341D-BD32-4A2AD161DAC5}"
	ProjectSection(ProjectDependencies) = postProject
		{D2C4333F-68F9-3213-9740-9D5B86A2E96E} = {D2C4333F-68F9-3213-9740-9D5B86A2E96E}
		{8944FA39-44F2-35CC-A9E6-38189283FDE9} = {8944FA39-44F2-35CC-A9E6-38189283FDE9}
	EndProjectSection
EndProject
Project("{8BC9CEB8-8B4A-11D0-8D11-00A0C91BC942}") = "INSTALL", "INSTALL.vcxproj", "{F8897A36-4DFC-31DB-A981-9C94DFCDD66E}"
	ProjectSection(ProjectDependencies) = postProject
		{D38C1B1E-02EF-3354-A9CF-6E118F71EC74} = {D38C1B1E-02EF-3354-A9CF-6E118F71EC74}
		{D2C4333F-68F9-3213-9740-9D5B86A2E96E} = {D2C4333F-68F9-3213-9740-9D5B86A2E96E}
	EndProjectSection
EndProject
Project("{8BC9CEB8-8B4A-11D0-8D11-00A0C91BC942}") = "Lorenz", "Lorenz.vcxproj", "{EAA0EBE9-89EB-3EFF-A0CA-87E4320FF01C}"
	ProjectSection(ProjectDependencies) = postProject
		{D2C4333F-68F9-3213-9740-9D5B86A2E96E} = {D2C4333F-68F9-3213-9740-9D5B86A2E96E}
		{32505BD4-6C3B-3AD5-AB4C-240E026E4BFF} = {32505BD4-6C3B-3AD5-AB4C-240E026E4BFF}
	EndProjectSection
EndProject
Project("{8BC9CEB8-8B4A-11D0-8D11-00A0C91BC942}") = "Lorenz_static", "Lorenz_static.vcxproj", "{9539EBF6-CF69-305D-8F2A-E15789002A15}"
	ProjectSection(ProjectDependencies) = postProject
		{D2C4333F-68F9-3213-9740-9D5B86A2E96E} = {D2C4333F-68F9-3213-9740-9D5B86A2E96E}
		{8944FA39-44F2-35CC-A9E6-38189283FDE9} = {8944FA39-44F2-35CC-A9E6-38189283FDE9}
	EndProjectSection
EndProject
Project("{8BC9CEB8-8B4A-11D0-8D11-00A0C91BC942}") = "One", "One.vcxproj", "{F49300B9-3336-36DD-B162-E35A69C31C20}"
	ProjectSection(ProjectDependencies) = postProject
		{D2C4333F-68F9-3213-9740-9D5B86A2E96E} = {D2C4333F-68F9-3213-9740-9D5B86A2E96E}
		{32505BD4-6C3B-3AD5-AB4C-240E026E4BFF} = {32505BD4-6C3B-3AD5-AB4C-240E026E4BFF}
	EndProjectSection
EndProject
Project("{8BC9CEB8-8B4A-11D0-8D11-00A0C91BC942}") = "One_static", "One_static.vcxproj", "{87A1C6A4-C2C4-3A60-874B-C66DD8A357FC}"
	ProjectSection(ProjectDependencies) = postProject
		{D2C4333F-68F9-3213-9740-9D5B86A2E96E} = {D2C4333F-68F9-3213-9740-9D5B86A2E96E}
		{8944FA39-44F2-35CC-A9E6-38189283FDE9} = {8944FA39-44F2-35CC-A9E6-38189283FDE9}
	EndProjectSection
EndProject
Project("{8BC9CEB8-8B4A-11D0-8D11-00A0C91BC942}") = "Resizer", "Resizer.vcxproj", "{82CE16DE-3971-311F-BAAF-FE59C75F92A1}"
	ProjectSection(ProjectDependencies) = postProject
		{D2C4333F-68F9-3213-9740-9D5B86A2E96E} = {D2C4333F-68F9-3213-9740-9D5B86A2E96E}
		{32505BD4-6C3B-3AD5-AB4C-240E026E4BFF} = {32505BD4-6C3B-3AD5-AB4C-240E026E4BFF}
	EndProjectSection
EndProject
Project("{8BC9CEB8-8B4A-11D0-8D11-00A0C91BC942}") = "Resizer_static", "Resizer_static.vcxproj", "{21A96773-E0FB-3421-A3D7-5A5C35B3296E}"
	ProjectSection(ProjectDependencies) = postProject
		{D2C4333F-68F9-3213-9740-9D5B86A2E96E} = {D2C4333F-68F9-3213-9740-9D5B86A2E96E}
		{8944FA39-44F2-35CC-A9E6-38189283FDE9} = {8944FA39-44F2-35CC-A9E6-38189283FDE9}
	EndProjectSection
EndProject
Project("{8BC9CEB8-8B4A-11D0-8D11-00A0C91BC942}") = "ZERO_CHECK", "ZERO_CHECK.vcxproj", "{D2C4333F-68F9-3213-9740-9D5B86A2E96E}"
	ProjectSection(ProjectDependencies) = postProject
	EndProjectSection
EndProject
Project("{8BC9CEB8-8B4A-11D0-8D11-00A0C91BC942}") = "freeglut", "freeglut.vcxproj", "{32505BD4-6C3B-3AD5-AB4C-240E026E4BFF}"
	ProjectSection(ProjectDependencies) = postProject
		{D2C4333F-68F9-3213-9740-9D5B86A2E96E} = {D2C4333F-68F9-3213-9740-9D5B86A2E96E}
	EndProjectSection
EndProject
Project("{8BC9CEB8-8B4A-11D0-8D11-00A0C91BC942}") = "freeglut_static", "freeglut_static.vcxproj", "{8944FA39-44F2-35CC-A9E6-38189283FDE9}"
	ProjectSection(ProjectDependencies) = postProject
		{D2C4333F-68F9-3213-9740-9D5B86A2E96E} = {D2C4333F-68F9-3213-9740-9D5B86A2E96E}
	EndProjectSection
EndProject
Project("{8BC9CEB8-8B4A-11D0-8D11-00A0C91BC942}") = "multi-touch", "multi-touch.vcxproj", "{4959B4C4-8D64-3E01-B8ED-A1C694E523D4}"
	ProjectSection(ProjectDependencies) = postProject
		{D2C4333F-68F9-3213-9740-9D5B86A2E96E} = {D2C4333F-68F9-3213-9740-9D5B86A2E96E}
		{32505BD4-6C3B-3AD5-AB4C-240E026E4BFF} = {32505BD4-6C3B-3AD5-AB4C-240E026E4BFF}
	EndProjectSection
EndProject
Project("{8BC9CEB8-8B4A-11D0-8D11-00A0C91BC942}") = "multi-touch_static", "multi-touch_static.vcxproj", "{C377EA48-B63C-36BD-9C89-00B24C5B03E4}"
	ProjectSection(ProjectDependencies) = postProject
		{D2C4333F-68F9-3213-9740-9D5B86A2E96E} = {D2C4333F-68F9-3213-9740-9D5B86A2E96E}
		{8944FA39-44F2-35CC-A9E6-38189283FDE9} = {8944FA39-44F2-35CC-A9E6-38189283FDE9}
	EndProjectSection
EndProject
Project("{8BC9CEB8-8B4A-11D0-8D11-00A0C91BC942}") = "shapes", "shapes.vcxproj", "{784BCEE4-20B6-39CE-9CFD-AC09CE0EA651}"
	ProjectSection(ProjectDependencies) = postProject
		{D2C4333F-68F9-3213-9740-9D5B86A2E96E} = {D2C4333F-68F9-3213-9740-9D5B86A2E96E}
		{32505BD4-6C3B-3AD5-AB4C-240E026E4BFF} = {32505BD4-6C3B-3AD5-AB4C-240E026E4BFF}
	EndProjectSection
EndProject
Project("{8BC9CEB8-8B4A-11D0-8D11-00A0C91BC942}") = "shapes_static", "shapes_static.vcxproj", "{85ED7B8E-EFC4-32B9-861A-E68C2745E240}"
	ProjectSection(ProjectDependencies) = postProject
		{D2C4333F-68F9-3213-9740-9D5B86A2E96E} = {D2C4333F-68F9-3213-9740-9D5B86A2E96E}
		{8944FA39-44F2-35CC-A9E6-38189283FDE9} = {8944FA39-44F2-35CC-A9E6-38189283FDE9}
	EndProjectSection
EndProject
Project("{8BC9CEB8-8B4A-11D0-8D11-00A0C91BC942}") = "smooth_opengl3", "smooth_opengl3.vcxproj", "{8824E882-E77A-3E10-ACF3-AE073617B4A0}"
	ProjectSection(ProjectDependencies) = postProject
		{D2C4333F-68F9-3213-9740-9D5B86A2E96E} = {D2C4333F-68F9-3213-9740-9D5B86A2E96E}
		{32505BD4-6C3B-3AD5-AB4C-240E026E4BFF} = {32505BD4-6C3B-3AD5-AB4C-240E026E4BFF}
	EndProjectSection
EndProject
Project("{8BC9CEB8-8B4A-11D0-8D11-00A0C91BC942}") = "smooth_opengl3_static", "smooth_opengl3_static.vcxproj", "{E20BBE1B-EC53-39A0-850F-66B3CC87AF8E}"
	ProjectSection(ProjectDependencies) = postProject
		{D2C4333F-68F9-3213-9740-9D5B86A2E96E} = {D2C4333F-68F9-3213-9740-9D5B86A2E96E}
		{8944FA39-44F2-35CC-A9E6-38189283FDE9} = {8944FA39-44F2-35CC-A9E6-38189283FDE9}
	EndProjectSection
EndProject
Project("{8BC9CEB8-8B4A-11D0-8D11-00A0C91BC942}") = "subwin", "subwin.vcxproj", "{FCD0F552-A57C-3170-ADBC-EB15E8BFD097}"
	ProjectSection(ProjectDependencies) = postProject
		{D2C4333F-68F9-3213-9740-9D5B86A2E96E} = {D2C4333F-68F9-3213-9740-9D5B86A2E96E}
		{32505BD4-6C3B-3AD5-AB4C-240E026E4BFF} = {32505BD4-6C3B-3AD5-AB4C-240E026E4BFF}
	EndProjectSection
EndProject
Project("{8BC9CEB8-8B4A-11D0-8D11-00A0C91BC942}") = "subwin_static", "subwin_static.vcxproj", "{6E8DD3C5-20B7-33F5-8208-A91C05BC4965}"
	ProjectSection(ProjectDependencies) = postProject
		{D2C4333F-68F9-3213-9740-9D5B86A2E96E} = {D2C4333F-68F9-3213-9740-9D5B86A2E96E}
		{8944FA39-44F2-35CC-A9E6-38189283FDE9} = {8944FA39-44F2-35CC-A9E6-38189283FDE9}
	EndProjectSection
EndProject
Project("{8BC9CEB8-8B4A-11D0-8D11-00A0C91BC942}") = "timer", "timer.vcxproj", "{800B02B3-A499-3429-976B-7A0F4DCA092C}"
	ProjectSection(ProjectDependencies) = postProject
		{D2C4333F-68F9-3213-9740-9D5B86A2E96E} = {D2C4333F-68F9-3213-9740-9D5B86A2E96E}
		{32505BD4-6C3B-3AD5-AB4C-240E026E4BFF} = {32505BD4-6C3B-3AD5-AB4C-240E026E4BFF}
	EndProjectSection
EndProject
Project("{8BC9CEB8-8B4A-11D0-8D11-00A0C91BC942}") = "timer_static", "timer_static.vcxproj", "{94BDE876-9E12-39DC-B1D1-B42168D693DB}"
	ProjectSection(ProjectDependencies) = postProject
		{D2C4333F-68F9-3213-9740-9D5B86A2E96E} = {D2C4333F-68F9-3213-9740-9D5B86A2E96E}
		{8944FA39-44F2-35CC-A9E6-38189283FDE9} = {8944FA39-44F2-35CC-A9E6-38189283FDE9}
	EndProjectSection
EndProject
Global
	GlobalSection(SolutionConfigurationPlatforms) = preSolution
		Debug|Win32 = Debug|Win32
		Release|Win32 = Release|Win32
		MinSizeRel|Win32 = MinSizeRel|Win32
		RelWithDebInfo|Win32 = RelWithDebInfo|Win32
	EndGlobalSection
	GlobalSection(ProjectConfigurationPlatforms) = postSolution
		{D38C1B1E-02EF-3354-A9CF-6E118F71EC74}.Debug|Win32.ActiveCfg = Debug|Win32
		{D38C1B1E-02EF-3354-A9CF-6E118F71EC74}.Debug|Win32.Build.0 = Debug|Win32
		{D38C1B1E-02EF-3354-A9CF-6E118F71EC74}.Release|Win32.ActiveCfg = Release|Win32
		{D38C1B1E-02EF-3354-A9CF-6E118F71EC74}.Release|Win32.Build.0 = Release|Win32
		{D38C1B1E-02EF-3354-A9CF-6E118F71EC74}.MinSizeRel|Win32.ActiveCfg = MinSizeRel|Win32
		{D38C1B1E-02EF-3354-A9CF-6E118F71EC74}.MinSizeRel|Win32.Build.0 = MinSizeRel|Win32
		{D38C1B1E-02EF-3354-A9CF-6E118F71EC74}.RelWithDebInfo|Win32.ActiveCfg = RelWithDebInfo|Win32
		{D38C1B1E-02EF-3354-A9CF-6E118F71EC74}.RelWithDebInfo|Win32.Build.0 = RelWithDebInfo|Win32
		{C6ADD839-E03B-384B-A4DA-5275B0EBCF02}.Debug|Win32.ActiveCfg = Debug|Win32
		{C6ADD839-E03B-384B-A4DA-5275B0EBCF02}.Debug|Win32.Build.0 = Debug|Win32
		{C6ADD839-E03B-384B-A4DA-5275B0EBCF02}.Release|Win32.ActiveCfg = Release|Win32
		{C6ADD839-E03B-384B-A4DA-5275B0EBCF02}.Release|Win32.Build.0 = Release|Win32
		{C6ADD839-E03B-384B-A4DA-5275B0EBCF02}.MinSizeRel|Win32.ActiveCfg = MinSizeRel|Win32
		{C6ADD839-E03B-384B-A4DA-5275B0EBCF02}.MinSizeRel|Win32.Build.0 = MinSizeRel|Win32
		{C6ADD839-E03B-384B-A4DA-5275B0EBCF02}.RelWithDebInfo|Win32.ActiveCfg = RelWithDebInfo|Win32
		{C6ADD839-E03B-384B-A4DA-5275B0EBCF02}.RelWithDebInfo|Win32.Build.0 = RelWithDebInfo|Win32
		{9A343E56-1B92-3D99-A8D0-EA16E9AA5B69}.Debug|Win32.ActiveCfg = Debug|Win32
		{9A343E56-1B92-3D99-A8D0-EA16E9AA5B69}.Debug|Win32.Build.0 = Debug|Win32
		{9A343E56-1B92-3D99-A8D0-EA16E9AA5B69}.Release|Win32.ActiveCfg = Release|Win32
		{9A343E56-1B92-3D99-A8D0-EA16E9AA5B69}.Release|Win32.Build.0 = Release|Win32
		{9A343E56-1B92-3D99-A8D0-EA16E9AA5B69}.MinSizeRel|Win32.ActiveCfg = MinSizeRel|Win32
		{9A343E56-1B92-3D99-A8D0-EA16E9AA5B69}.MinSizeRel|Win32.Build.0 = MinSizeRel|Win32
		{9A343E56-1B92-3D99-A8D0-EA16E9AA5B69}.RelWithDebInfo|Win32.ActiveCfg = RelWithDebInfo|Win32
		{9A343E56-1B92-3D99-A8D0-EA16E9AA5B69}.RelWithDebInfo|Win32.Build.0 = RelWithDebInfo|Win32
		{290A966D-1F43-31BC-ABE4-979C9148A5B1}.Debug|Win32.ActiveCfg = Debug|Win32
		{290A966D-1F43-31BC-ABE4-979C9148A5B1}.Debug|Win32.Build.0 = Debug|Win32
		{290A966D-1F43-31BC-ABE4-979C9148A5B1}.Release|Win32.ActiveCfg = Release|Win32
		{290A966D-1F43-31BC-ABE4-979C9148A5B1}.Release|Win32.Build.0 = Release|Win32
		{290A966D-1F43-31BC-ABE4-979C9148A5B1}.MinSizeRel|Win32.ActiveCfg = MinSizeRel|Win32
		{290A966D-1F43-31BC-ABE4-979C9148A5B1}.MinSizeRel|Win32.Build.0 = MinSizeRel|Win32
		{290A966D-1F43-31BC-ABE4-979C9148A5B1}.RelWithDebInfo|Win32.ActiveCfg = RelWithDebInfo|Win32
		{290A966D-1F43-31BC-ABE4-979C9148A5B1}.RelWithDebInfo|Win32.Build.0 = RelWithDebInfo|Win32
		{E7AF43EB-972C-3B93-B9D0-FB1F275D545C}.Debug|Win32.ActiveCfg = Debug|Win32
		{E7AF43EB-972C-3B93-B9D0-FB1F275D545C}.Debug|Win32.Build.0 = Debug|Win32
		{E7AF43EB-972C-3B93-B9D0-FB1F275D545C}.Release|Win32.ActiveCfg = Release|Win32
		{E7AF43EB-972C-3B93-B9D0-FB1F275D545C}.Release|Win32.Build.0 = Release|Win32
		{E7AF43EB-972C-3B93-B9D0-FB1F275D545C}.MinSizeRel|Win32.ActiveCfg = MinSizeRel|Win32
		{E7AF43EB-972C-3B93-B9D0-FB1F275D545C}.MinSizeRel|Win32.Build.0 = MinSizeRel|Win32
		{E7AF43EB-972C-3B93-B9D0-FB1F275D545C}.RelWithDebInfo|Win32.ActiveCfg = RelWithDebInfo|Win32
		{E7AF43EB-972C-3B93-B9D0-FB1F275D545C}.RelWithDebInfo|Win32.Build.0 = RelWithDebInfo|Win32
		{3914A5E5-1181-3F04-982B-B6CC620AA2A6}.Debug|Win32.ActiveCfg = Debug|Win32
		{3914A5E5-1181-3F04-982B-B6CC620AA2A6}.Debug|Win32.Build.0 = Debug|Win32
		{3914A5E5-1181-3F04-982B-B6CC620AA2A6}.Release|Win32.ActiveCfg = Release|Win32
		{3914A5E5-1181-3F04-982B-B6CC620AA2A6}.Release|Win32.Build.0 = Release|Win32
		{3914A5E5-1181-3F04-982B-B6CC620AA2A6}.MinSizeRel|Win32.ActiveCfg = MinSizeRel|Win32
		{3914A5E5-1181-3F04-982B-B6CC620AA2A6}.MinSizeRel|Win32.Build.0 = MinSizeRel|Win32
		{3914A5E5-1181-3F04-982B-B6CC620AA2A6}.RelWithDebInfo|Win32.ActiveCfg = RelWithDebInfo|Win32
		{3914A5E5-1181-3F04-982B-B6CC620AA2A6}.RelWithDebInfo|Win32.Build.0 = RelWithDebInfo|Win32
		{3BB22F81-CDF4-341D-BD32-4A2AD161DAC5}.Debug|Win32.ActiveCfg = Debug|Win32
		{3BB22F81-CDF4-341D-BD32-4A2AD161DAC5}.Debug|Win32.Build.0 = Debug|Win32
		{3BB22F81-CDF4-341D-BD32-4A2AD161DAC5}.Release|Win32.ActiveCfg = Release|Win32
		{3BB22F81-CDF4-341D-BD32-4A2AD161DAC5}.Release|Win32.Build.0 = Release|Win32
		{3BB22F81-CDF4-341D-BD32-4A2AD161DAC5}.MinSizeRel|Win32.ActiveCfg = MinSizeRel|Win32
		{3BB22F81-CDF4-341D-BD32-4A2AD161DAC5}.MinSizeRel|Win32.Build.0 = MinSizeRel|Win32
		{3BB22F81-CDF4-341D-BD32-4A2AD161DAC5}.RelWithDebInfo|Win32.ActiveCfg = RelWithDebInfo|Win32
		{3BB22F81-CDF4-341D-BD32-4A2AD161DAC5}.RelWithDebInfo|Win32.Build.0 = RelWithDebInfo|Win32
		{F8897A36-4DFC-31DB-A981-9C94DFCDD66E}.Debug|Win32.ActiveCfg = Debug|Win32
		{F8897A36-4DFC-31DB-A981-9C94DFCDD66E}.Release|Win32.ActiveCfg = Release|Win32
		{F8897A36-4DFC-31DB-A981-9C94DFCDD66E}.MinSizeRel|Win32.ActiveCfg = MinSizeRel|Win32
		{F8897A36-4DFC-31DB-A981-9C94DFCDD66E}.RelWithDebInfo|Win32.ActiveCfg = RelWithDebInfo|Win32
		{EAA0EBE9-89EB-3EFF-A0CA-87E4320FF01C}.Debug|Win32.ActiveCfg = Debug|Win32
		{EAA0EBE9-89EB-3EFF-A0CA-87E4320FF01C}.Debug|Win32.Build.0 = Debug|Win32
		{EAA0EBE9-89EB-3EFF-A0CA-87E4320FF01C}.Release|Win32.ActiveCfg = Release|Win32
		{EAA0EBE9-89EB-3EFF-A0CA-87E4320FF01C}.Release|Win32.Build.0 = Release|Win32
		{EAA0EBE9-89EB-3EFF-A0CA-87E4320FF01C}.MinSizeRel|Win32.ActiveCfg = MinSizeRel|Win32
		{EAA0EBE9-89EB-3EFF-A0CA-87E4320FF01C}.MinSizeRel|Win32.Build.0 = MinSizeRel|Win32
		{EAA0EBE9-89EB-3EFF-A0CA-87E4320FF01C}.RelWithDebInfo|Win32.ActiveCfg = RelWithDebInfo|Win32
		{EAA0EBE9-89EB-3EFF-A0CA-87E4320FF01C}.RelWithDebInfo|Win32.Build.0 = RelWithDebInfo|Win32
		{9539EBF6-CF69-305D-8F2A-E15789002A15}.Debug|Win32.ActiveCfg = Debug|Win32
		{9539EBF6-CF69-305D-8F2A-E15789002A15}.Debug|Win32.Build.0 = Debug|Win32
		{9539EBF6-CF69-305D-8F2A-E15789002A15}.Release|Win32.ActiveCfg = Release|Win32
		{9539EBF6-CF69-305D-8F2A-E15789002A15}.Release|Win32.Build.0 = Release|Win32
		{9539EBF6-CF69-305D-8F2A-E15789002A15}.MinSizeRel|Win32.ActiveCfg = MinSizeRel|Win32
		{9539EBF6-CF69-305D-8F2A-E15789002A15}.MinSizeRel|Win32.Build.0 = MinSizeRel|Win32
		{9539EBF6-CF69-305D-8F2A-E15789002A15}.RelWithDebInfo|Win32.ActiveCfg = RelWithDebInfo|Win32
		{9539EBF6-CF69-305D-8F2A-E15789002A15}.RelWithDebInfo|Win32.Build.0 = RelWithDebInfo|Win32
		{F49300B9-3336-36DD-B162-E35A69C31C20}.Debug|Win32.ActiveCfg = Debug|Win32
		{F49300B9-3336-36DD-B162-E35A69C31C20}.Debug|Win32.Build.0 = Debug|Win32
		{F49300B9-3336-36DD-B162-E35A69C31C20}.Release|Win32.ActiveCfg = Release|Win32
		{F49300B9-3336-36DD-B162-E35A69C31C20}.Release|Win32.Build.0 = Release|Win32
		{F49300B9-3336-36DD-B162-E35A69C31C20}.MinSizeRel|Win32.ActiveCfg = MinSizeRel|Win32
		{F49300B9-3336-36DD-B162-E35A69C31C20}.MinSizeRel|Win32.Build.0 = MinSizeRel|Win32
		{F49300B9-3336-36DD-B162-E35A69C31C20}.RelWithDebInfo|Win32.ActiveCfg = RelWithDebInfo|Win32
		{F49300B9-3336-36DD-B162-E35A69C31C20}.RelWithDebInfo|Win32.Build.0 = RelWithDebInfo|Win32
		{87A1C6A4-C2C4-3A60-874B-C66DD8A357FC}.Debug|Win32.ActiveCfg = Debug|Win32
		{87A1C6A4-C2C4-3A60-874B-C66DD8A357FC}.Debug|Win32.Build.0 = Debug|Win32
		{87A1C6A4-C2C4-3A60-874B-C66DD8A357FC}.Release|Win32.ActiveCfg = Release|Win32
		{87A1C6A4-C2C4-3A60-874B-C66DD8A357FC}.Release|Win32.Build.0 = Release|Win32
		{87A1C6A4-C2C4-3A60-874B-C66DD8A357FC}.MinSizeRel|Win32.ActiveCfg = MinSizeRel|Win32
		{87A1C6A4-C2C4-3A60-874B-C66DD8A357FC}.MinSizeRel|Win32.Build.0 = MinSizeRel|Win32
		{87A1C6A4-C2C4-3A60-874B-C66DD8A357FC}.RelWithDebInfo|Win32.ActiveCfg = RelWithDebInfo|Win32
		{87A1C6A4-C2C4-3A60-874B-C66DD8A357FC}.RelWithDebInfo|Win32.Build.0 = RelWithDebInfo|Win32
		{82CE16DE-3971-311F-BAAF-FE59C75F92A1}.Debug|Win32.ActiveCfg = Debug|Win32
		{82CE16DE-3971-311F-BAAF-FE59C75F92A1}.Debug|Win32.Build.0 = Debug|Win32
		{82CE16DE-3971-311F-BAAF-FE59C75F92A1}.Release|Win32.ActiveCfg = Release|Win32
		{82CE16DE-3971-311F-BAAF-FE59C75F92A1}.Release|Win32.Build.0 = Release|Win32
		{82CE16DE-3971-311F-BAAF-FE59C75F92A1}.MinSizeRel|Win32.ActiveCfg = MinSizeRel|Win32
		{82CE16DE-3971-311F-BAAF-FE59C75F92A1}.MinSizeRel|Win32.Build.0 = MinSizeRel|Win32
		{82CE16DE-3971-311F-BAAF-FE59C75F92A1}.RelWithDebInfo|Win32.ActiveCfg = RelWithDebInfo|Win32
		{82CE16DE-3971-311F-BAAF-FE59C75F92A1}.RelWithDebInfo|Win32.Build.0 = RelWithDebInfo|Win32
		{21A96773-E0FB-3421-A3D7-5A5C35B3296E}.Debug|Win32.ActiveCfg = Debug|Win32
		{21A96773-E0FB-3421-A3D7-5A5C35B3296E}.Debug|Win32.Build.0 = Debug|Win32
		{21A96773-E0FB-3421-A3D7-5A5C35B3296E}.Release|Win32.ActiveCfg = Release|Win32
		{21A96773-E0FB-3421-A3D7-5A5C35B3296E}.Release|Win32.Build.0 = Release|Win32
		{21A96773-E0FB-3421-A3D7-5A5C35B3296E}.MinSizeRel|Win32.ActiveCfg = MinSizeRel|Win32
		{21A96773-E0FB-3421-A3D7-5A5C35B3296E}.MinSizeRel|Win32.Build.0 = MinSizeRel|Win32
		{21A96773-E0FB-3421-A3D7-5A5C35B3296E}.RelWithDebInfo|Win32.ActiveCfg = RelWithDebInfo|Win32
		{21A96773-E0FB-3421-A3D7-5A5C35B3296E}.RelWithDebInfo|Win32.Build.0 = RelWithDebInfo|Win32
		{D2C4333F-68F9-3213-9740-9D5B86A2E96E}.Debug|Win32.ActiveCfg = Debug|Win32
		{D2C4333F-68F9-3213-9740-9D5B86A2E96E}.Debug|Win32.Build.0 = Debug|Win32
		{D2C4333F-68F9-3213-9740-9D5B86A2E96E}.Release|Win32.ActiveCfg = Release|Win32
		{D2C4333F-68F9-3213-9740-9D5B86A2E96E}.Release|Win32.Build.0 = Release|Win32
		{D2C4333F-68F9-3213-9740-9D5B86A2E96E}.MinSizeRel|Win32.ActiveCfg = MinSizeRel|Win32
		{D2C4333F-68F9-3213-9740-9D5B86A2E96E}.MinSizeRel|Win32.Build.0 = MinSizeRel|Win32
		{D2C4333F-68F9-3213-9740-9D5B86A2E96E}.RelWithDebInfo|Win32.ActiveCfg = RelWithDebInfo|Win32
		{D2C4333F-68F9-3213-9740-9D5B86A2E96E}.RelWithDebInfo|Win32.Build.0 = RelWithDebInfo|Win32
		{32505BD4-6C3B-3AD5-AB4C-240E026E4BFF}.Debug|Win32.ActiveCfg = Debug|Win32
		{32505BD4-6C3B-3AD5-AB4C-240E026E4BFF}.Debug|Win32.Build.0 = Debug|Win32
		{32505BD4-6C3B-3AD5-AB4C-240E026E4BFF}.Release|Win32.ActiveCfg = Release|Win32
		{32505BD4-6C3B-3AD5-AB4C-240E026E4BFF}.Release|Win32.Build.0 = Release|Win32
		{32505BD4-6C3B-3AD5-AB4C-240E026E4BFF}.MinSizeRel|Win32.ActiveCfg = MinSizeRel|Win32
		{32505BD4-6C3B-3AD5-AB4C-240E026E4BFF}.MinSizeRel|Win32.Build.0 = MinSizeRel|Win32
		{32505BD4-6C3B-3AD5-AB4C-240E026E4BFF}.RelWithDebInfo|Win32.ActiveCfg = RelWithDebInfo|Win32
		{32505BD4-6C3B-3AD5-AB4C-240E026E4BFF}.RelWithDebInfo|Win32.Build.0 = RelWithDebInfo|Win32
		{8944FA39-44F2-35CC-A9E6-38189283FDE9}.Debug|Win32.ActiveCfg = Debug|Win32
		{8944FA39-44F2-35CC-A9E6-38189283FDE9}.Debug|Win32.Build.0 = Debug|Win32
		{8944FA39-44F2-35CC-A9E6-38189283FDE9}.Release|Win32.ActiveCfg = Release|Win32
		{8944FA39-44F2-35CC-A9E6-38189283FDE9}.Release|Win32.Build.0 = Release|Win32
		{8944FA39-44F2-35CC-A9E6-38189283FDE9}.MinSizeRel|Win32.ActiveCfg = MinSizeRel|Win32
		{8944FA39-44F2-35CC-A9E6-38189283FDE9}.MinSizeRel|Win32.Build.0 = MinSizeRel|Win32
		{8944FA39-44F2-35CC-A9E6-38189283FDE9}.RelWithDebInfo|Win32.ActiveCfg = RelWithDebInfo|Win32
		{8944FA39-44F2-35CC-A9E6-38189283FDE9}.RelWithDebInfo|Win32.Build.0 = RelWithDebInfo|Win32
		{4959B4C4-8D64-3E01-B8ED-A1C694E523D4}.Debug|Win32.ActiveCfg = Debug|Win32
		{4959B4C4-8D64-3E01-B8ED-A1C694E523D4}.Debug|Win32.Build.0 = Debug|Win32
		{4959B4C4-8D64-3E01-B8ED-A1C694E523D4}.Release|Win32.ActiveCfg = Release|Win32
		{4959B4C4-8D64-3E01-B8ED-A1C694E523D4}.Release|Win32.Build.0 = Release|Win32
		{4959B4C4-8D64-3E01-B8ED-A1C694E523D4}.MinSizeRel|Win32.ActiveCfg = MinSizeRel|Win32
		{4959B4C4-8D64-3E01-B8ED-A1C694E523D4}.MinSizeRel|Win32.Build.0 = MinSizeRel|Win32
		{4959B4C4-8D64-3E01-B8ED-A1C694E523D4}.RelWithDebInfo|Win32.ActiveCfg = RelWithDebInfo|Win32
		{4959B4C4-8D64-3E01-B8ED-A1C694E523D4}.RelWithDebInfo|Win32.Build.0 = RelWithDebInfo|Win32
		{C377EA48-B63C-36BD-9C89-00B24C5B03E4}.Debug|Win32.ActiveCfg = Debug|Win32
		{C377EA48-B63C-36BD-9C89-00B24C5B03E4}.Debug|Win32.Build.0 = Debug|Win32
		{C377EA48-B63C-36BD-9C89-00B24C5B03E4}.Release|Win32.ActiveCfg = Release|Win32
		{C377EA48-B63C-36BD-9C89-00B24C5B03E4}.Release|Win32.Build.0 = Release|Win32
		{C377EA48-B63C-36BD-9C89-00B24C5B03E4}.MinSizeRel|Win32.ActiveCfg = MinSizeRel|Win32
		{C377EA48-B63C-36BD-9C89-00B24C5B03E4}.MinSizeRel|Win32.Build.0 = MinSizeRel|Win32
		{C377EA48-B63C-36BD-9C89-00B24C5B03E4}.RelWithDebInfo|Win32.ActiveCfg = RelWithDebInfo|Win32
		{C377EA48-B63C-36BD-9C89-00B24C5B03E4}.RelWithDebInfo|Win32.Build.0 = RelWithDebInfo|Win32
		{784BCEE4-20B6-39CE-9CFD-AC09CE0EA651}.Debug|Win32.ActiveCfg = Debug|Win32
		{784BCEE4-20B6-39CE-9CFD-AC09CE0EA651}.Debug|Win32.Build.0 = Debug|Win32
		{784BCEE4-20B6-39CE-9CFD-AC09CE0EA651}.Release|Win32.ActiveCfg = Release|Win32
		{784BCEE4-20B6-39CE-9CFD-AC09CE0EA651}.Release|Win32.Build.0 = Release|Win32
		{784BCEE4-20B6-39CE-9CFD-AC09CE0EA651}.MinSizeRel|Win32.ActiveCfg = MinSizeRel|Win32
		{784BCEE4-20B6-39CE-9CFD-AC09CE0EA651}.MinSizeRel|Win32.Build.0 = MinSizeRel|Win32
		{784BCEE4-20B6-39CE-9CFD-AC09CE0EA651}.RelWithDebInfo|Win32.ActiveCfg = RelWithDebInfo|Win32
		{784BCEE4-20B6-39CE-9CFD-AC09CE0EA651}.RelWithDebInfo|Win32.Build.0 = RelWithDebInfo|Win32
		{85ED7B8E-EFC4-32B9-861A-E68C2745E240}.Debug|Win32.ActiveCfg = Debug|Win32
		{85ED7B8E-EFC4-32B9-861A-E68C2745E240}.Debug|Win32.Build.0 = Debug|Win32
		{85ED7B8E-EFC4-32B9-861A-E68C2745E240}.Release|Win32.ActiveCfg = Release|Win32
		{85ED7B8E-EFC4-32B9-861A-E68C2745E240}.Release|Win32.Build.0 = Release|Win32
		{85ED7B8E-EFC4-32B9-861A-E68C2745E240}.MinSizeRel|Win32.ActiveCfg = MinSizeRel|Win32
		{85ED7B8E-EFC4-32B9-861A-E68C2745E240}.MinSizeRel|Win32.Build.0 = MinSizeRel|Win32
		{85ED7B8E-EFC4-32B9-861A-E68C2745E240}.RelWithDebInfo|Win32.ActiveCfg = RelWithDebInfo|Win32
		{85ED7B8E-EFC4-32B9-861A-E68C2745E240}.RelWithDebInfo|Win32.Build.0 = RelWithDebInfo|Win32
		{8824E882-E77A-3E10-ACF3-AE073617B4A0}.Debug|Win32.ActiveCfg = Debug|Win32
		{8824E882-E77A-3E10-ACF3-AE073617B4A0}.Debug|Win32.Build.0 = Debug|Win32
		{8824E882-E77A-3E10-ACF3-AE073617B4A0}.Release|Win32.ActiveCfg = Release|Win32
		{8824E882-E77A-3E10-ACF3-AE073617B4A0}.Release|Win32.Build.0 = Release|Win32
		{8824E882-E77A-3E10-ACF3-AE073617B4A0}.MinSizeRel|Win32.ActiveCfg = MinSizeRel|Win32
		{8824E882-E77A-3E10-ACF3-AE073617B4A0}.MinSizeRel|Win32.Build.0 = MinSizeRel|Win32
		{8824E882-E77A-3E10-ACF3-AE073617B4A0}.RelWithDebInfo|Win32.ActiveCfg = RelWithDebInfo|Win32
		{8824E882-E77A-3E10-ACF3-AE073617B4A0}.RelWithDebInfo|Win32.Build.0 = RelWithDebInfo|Win32
		{E20BBE1B-EC53-39A0-850F-66B3CC87AF8E}.Debug|Win32.ActiveCfg = Debug|Win32
		{E20BBE1B-EC53-39A0-850F-66B3CC87AF8E}.Debug|Win32.Build.0 = Debug|Win32
		{E20BBE1B-EC53-39A0-850F-66B3CC87AF8E}.Release|Win32.ActiveCfg = Release|Win32
		{E20BBE1B-EC53-39A0-850F-66B3CC87AF8E}.Release|Win32.Build.0 = Release|Win32
		{E20BBE1B-EC53-39A0-850F-66B3CC87AF8E}.MinSizeRel|Win32.ActiveCfg = MinSizeRel|Win32
		{E20BBE1B-EC53-39A0-850F-66B3CC87AF8E}.MinSizeRel|Win32.Build.0 = MinSizeRel|Win32
		{E20BBE1B-EC53-39A0-850F-66B3CC87AF8E}.RelWithDebInfo|Win32.ActiveCfg = RelWithDebInfo|Win32
		{E20BBE1B-EC53-39A0-850F-66B3CC87AF8E}.RelWithDebInfo|Win32.Build.0 = RelWithDebInfo|Win32
		{FCD0F552-A57C-3170-ADBC-EB15E8BFD097}.Debug|Win32.ActiveCfg = Debug|Win32
		{FCD0F552-A57C-3170-ADBC-EB15E8BFD097}.Debug|Win32.Build.0 = Debug|Win32
		{FCD0F552-A57C-3170-ADBC-EB15E8BFD097}.Release|Win32.ActiveCfg = Release|Win32
		{FCD0F552-A57C-3170-ADBC-EB15E8BFD097}.Release|Win32.Build.0 = Release|Win32
		{FCD0F552-A57C-3170-ADBC-EB15E8BFD097}.MinSizeRel|Win32.ActiveCfg = MinSizeRel|Win32
		{FCD0F552-A57C-3170-ADBC-EB15E8BFD097}.MinSizeRel|Win32.Build.0 = MinSizeRel|Win32
		{FCD0F552-A57C-3170-ADBC-EB15E8BFD097}.RelWithDebInfo|Win32.ActiveCfg = RelWithDebInfo|Win32
		{FCD0F552-A57C-3170-ADBC-EB15E8BFD097}.RelWithDebInfo|Win32.Build.0 = RelWithDebInfo|Win32
		{6E8DD3C5-20B7-33F5-8208-A91C05BC4965}.Debug|Win32.ActiveCfg = Debug|Win32
		{6E8DD3C5-20B7-33F5-8208-A91C05BC4965}.Debug|Win32.Build.0 = Debug|Win32
		{6E8DD3C5-20B7-33F5-8208-A91C05BC4965}.Release|Win32.ActiveCfg = Release|Win32
		{6E8DD3C5-20B7-33F5-8208-A91C05BC4965}.Release|Win32.Build.0 = Release|Win32
		{6E8DD3C5-20B7-33F5-8208-A91C05BC4965}.MinSizeRel|Win32.ActiveCfg = MinSizeRel|Win32
		{6E8DD3C5-20B7-33F5-8208-A91C05BC4965}.MinSizeRel|Win32.Build.0 = MinSizeRel|Win32
		{6E8DD3C5-20B7-33F5-8208-A91C05BC4965}.RelWithDebInfo|Win32.ActiveCfg = RelWithDebInfo|Win32
		{6E8DD3C5-20B7-33F5-8208-A91C05BC4965}.RelWithDebInfo|Win32.Build.0 = RelWithDebInfo|Win32
		{800B02B3-A499-3429-976B-7A0F4DCA092C}.Debug|Win32.ActiveCfg = Debug|Win32
		{800B02B3-A499-3429-976B-7A0F4DCA092C}.Debug|Win32.Build.0 = Debug|Win32
		{800B02B3-A499-3429-976B-7A0F4DCA092C}.Release|Win32.ActiveCfg = Release|Win32
		{800B02B3-A499-3429-976B-7A0F4DCA092C}.Release|Win32.Build.0 = Release|Win32
		{800B02B3-A499-3429-976B-7A0F4DCA092C}.MinSizeRel|Win32.ActiveCfg = MinSizeRel|Win32
		{800B02B3-A499-3429-976B-7A0F4DCA092C}.MinSizeRel|Win32.Build.0 = MinSizeRel|Win32
		{800B02B3-A499-3429-976B-7A0F4DCA092C}.RelWithDebInfo|Win32.ActiveCfg = RelWithDebInfo|Win32
		{800B02B3-A499-3429-976B-7A0F4DCA092C}.RelWithDebInfo|Win32.Build.0 = RelWithDebInfo|Win32
		{94BDE876-9E12-39DC-B1D1-B42168D693DB}.Debug|Win32.ActiveCfg = Debug|Win32
		{94BDE876-9E12-39DC-B1D1-B42168D693DB}.Debug|Win32.Build.0 = Debug|Win32
		{94BDE876-9E12-39DC-B1D1-B42168D693DB}.Release|Win32.ActiveCfg = Release|Win32
		{94BDE876-9E12-39DC-B1D1-B42168D693DB}.Release|Win32.Build.0 = Release|Win32
		{94BDE876-9E12-39DC-B1D1-B42168D693DB}.MinSizeRel|Win32.ActiveCfg = MinSizeRel|Win32
		{94BDE876-9E12-39DC-B1D1-B42168D693DB}.MinSizeRel|Win32.Build.0 = MinSizeRel|Win32
		{94BDE876-9E12-39DC-B1D1-B42168D693DB}.RelWithDebInfo|Win32.ActiveCfg = RelWithDebInfo|Win32
		{94BDE876-9E12-39DC-B1D1-B42168D693DB}.RelWithDebInfo|Win32.Build.0 = RelWithDebInfo|Win32
	EndGlobalSection
	GlobalSection(ExtensibilityGlobals) = postSolution
	EndGlobalSection
	GlobalSection(ExtensibilityAddIns) = postSolution
	EndGlobalSection
EndGlobal
