<?xml version="1.0" encoding="UTF-8"?>
<Project ToolsVersion="14.0" xmlns="http://schemas.microsoft.com/developer/msbuild/2003">
  <ItemGroup>
    <ClCompile Include="C:\Users\ZZXX\Desktop\GraduationProject\GraduationProject\freeglut\freeglut-3.0.0\progs\demos\timer\timer.c">
      <Filter>Source Files</Filter>
    </ClCompile>
  </ItemGroup>
  <ItemGroup>
    <CustomBuild Include="C:\Users\ZZXX\Desktop\GraduationProject\GraduationProject\freeglut\freeglut-3.0.0\CMakeLists.txt" />
  </ItemGroup>
  <ItemGroup>
    <Filter Include="Source Files">
      <UniqueIdentifier>{9C9783E9-5CBA-3B10-BEAF-C3AA8ACF24F4}</UniqueIdentifier>
    </Filter>
  </ItemGroup>
</Project>
